
Microsoft Visual Studio Solution File, Format Version 12.00
# Visual Studio Version 17
VisualStudioVersion = 17.12.35527.113 d17.12
MinimumVisualStudioVersion = 10.0.40219.1
Project("{FAE04EC0-301F-11D3-BF4B-00C04F79EFBC}") = "PersonelKayit", "PersonelKayit\PersonelKayit.csproj", "{C133A937-9C4D-4708-8788-C8CD080304C6}"
EndProject
Global
	GlobalSection(SolutionConfigurationPlatforms) = preSolution
		Debug|Any CPU = Debug|Any CPU
		Release|Any CPU = Release|Any CPU
	EndGlobalSection
	GlobalSection(ProjectConfigurationPlatforms) = postSolution
		{C133A937-9C4D-4708-8788-C8CD080304C6}.Debug|Any CPU.ActiveCfg = Debug|Any CPU
		{C133A937-9C4D-4708-8788-C8CD080304C6}.Debug|Any CPU.Build.0 = Debug|Any CPU
		{C133A937-9C4D-4708-8788-C8CD080304C6}.Release|Any CPU.ActiveCfg = Release|Any CPU
		{C133A937-9C4D-4708-8788-C8CD080304C6}.Release|Any CPU.Build.0 = Release|Any CPU
	EndGlobalSection
	GlobalSection(SolutionProperties) = preSolution
		HideSolutionNode = FALSE
	EndGlobalSection
EndGlobal
